{
  "name": "mini-common-utils",
  "lockfileVersion": 2,
  "requires": true,
  "packages": {
    "": {
      "dependencies": {
        "@miniprogram-component-plus/vtabs": "^1.0.0",
        "@miniprogram-component-plus/vtabs-content": "^1.0.0",
        "miniprogram-component-plus": "^1.0.0",
        "weui-miniprogram": "^1.2.3"
      }
    },
    "node_modules/@miniprogram-component-plus/vtabs": {
      "version": "1.0.0",
      "resolved": "https://registry.npmjs.org/@miniprogram-component-plus/vtabs/-/vtabs-1.0.0.tgz",
      "integrity": "sha512-xDGrJwRbcpxd92rpQ0bbesBd2TKR6RGX1kJjuC6jlN4nRr28MTBhSPQEWfof2COms0xrLTa4WzU1QL+C2KH59w=="
    },
    "node_modules/@miniprogram-component-plus/vtabs-content": {
      "version": "1.0.0",
      "resolved": "https://registry.npmjs.org/@miniprogram-component-plus/vtabs-content/-/vtabs-content-1.0.0.tgz",
      "integrity": "sha512-/DGQjL1W1X7IMfOlB1ILfMZqyvhHHlrUsQ2liuVMZCwn46z5fTTQHcFWZKYZONaxKjTO3AecjRypKF0/k2s9aQ=="
    },
    "node_modules/miniprogram-component-plus": {
      "version": "1.0.0",
      "resolved": "https://registry.npmjs.org/miniprogram-component-plus/-/miniprogram-component-plus-1.0.0.tgz",
      "integrity": "sha512-7Go24W76Pkq1QpmY1jiu83zRCw/A5ytE03kJddr7bMl5T+jx6hHVoG4/od5GS9MBFdIo5OmXcrPzz+VsThw2TQ=="
    },
    "node_modules/weui-miniprogram": {
      "version": "1.2.3",
      "resolved": "https://registry.npmjs.org/weui-miniprogram/-/weui-miniprogram-1.2.3.tgz",
      "integrity": "sha512-PFlPKnIVTkt3CMrasTVKFEoDO4kfy1i3p4g8iU255ydZnxieGpHGa1d5gvVH9qpmxMPoIpjN57YoP/drLbJQrg=="
    }
  },
  "dependencies": {
    "@miniprogram-component-plus/vtabs": {
      "version": "1.0.0",
      "resolved": "https://registry.npmjs.org/@miniprogram-component-plus/vtabs/-/vtabs-1.0.0.tgz",
      "integrity": "sha512-xDGrJwRbcpxd92rpQ0bbesBd2TKR6RGX1kJjuC6jlN4nRr28MTBhSPQEWfof2COms0xrLTa4WzU1QL+C2KH59w=="
    },
    "@miniprogram-component-plus/vtabs-content": {
      "version": "1.0.0",
      "resolved": "https://registry.npmjs.org/@miniprogram-component-plus/vtabs-content/-/vtabs-content-1.0.0.tgz",
      "integrity": "sha512-/DGQjL1W1X7IMfOlB1ILfMZqyvhHHlrUsQ2liuVMZCwn46z5fTTQHcFWZKYZONaxKjTO3AecjRypKF0/k2s9aQ=="
    },
    "miniprogram-component-plus": {
      "version": "1.0.0",
      "resolved": "https://registry.npmjs.org/miniprogram-component-plus/-/miniprogram-component-plus-1.0.0.tgz",
      "integrity": "sha512-7Go24W76Pkq1QpmY1jiu83zRCw/A5ytE03kJddr7bMl5T+jx6hHVoG4/od5GS9MBFdIo5OmXcrPzz+VsThw2TQ=="
    },
    "weui-miniprogram": {
      "version": "1.2.3",
      "resolved": "https://registry.npmjs.org/weui-miniprogram/-/weui-miniprogram-1.2.3.tgz",
      "integrity": "sha512-PFlPKnIVTkt3CMrasTVKFEoDO4kfy1i3p4g8iU255ydZnxieGpHGa1d5gvVH9qpmxMPoIpjN57YoP/drLbJQrg=="
    }
  }
}
